
Microsoft Visual Studio Solution File, Format Version 12.00
# Visual Studio 14
VisualStudioVersion = 14.0.24720.0
MinimumVisualStudioVersion = 10.0.40219.1
Project("{2150E333-8FDC-42A3-9474-1A3956D46DE8}") = "Ui", "Ui", "{F1039263-93E9-4EFE-B16B-40814E70968A}"
EndProject
Project("{FAE04EC0-301F-11D3-BF4B-00C04F79EFBC}") = "Ui.ConsoleApp", "Ui\Ui.ConsoleApp\Ui.ConsoleApp.csproj", "{BD66E32C-D209-4058-A1E9-D36D3853533C}"
EndProject
Project("{FAE04EC0-301F-11D3-BF4B-00C04F79EFBC}") = "Ui.WindowsApp", "Ui\Ui.WindowsApp\Ui.WindowsApp.csproj", "{AC9696A3-B0F9-4F71-A689-305739D64CE9}"
EndProject
Global
	GlobalSection(SolutionConfigurationPlatforms) = preSolution
		Debug|Any CPU = Debug|Any CPU
		Release|Any CPU = Release|Any CPU
	EndGlobalSection
	GlobalSection(ProjectConfigurationPlatforms) = postSolution
		{BD66E32C-D209-4058-A1E9-D36D3853533C}.Debug|Any CPU.ActiveCfg = Debug|Any CPU
		{BD66E32C-D209-4058-A1E9-D36D3853533C}.Debug|Any CPU.Build.0 = Debug|Any CPU
		{BD66E32C-D209-4058-A1E9-D36D3853533C}.Release|Any CPU.ActiveCfg = Release|Any CPU
		{BD66E32C-D209-4058-A1E9-D36D3853533C}.Release|Any CPU.Build.0 = Release|Any CPU
		{AC9696A3-B0F9-4F71-A689-305739D64CE9}.Debug|Any CPU.ActiveCfg = Debug|Any CPU
		{AC9696A3-B0F9-4F71-A689-305739D64CE9}.Debug|Any CPU.Build.0 = Debug|Any CPU
		{AC9696A3-B0F9-4F71-A689-305739D64CE9}.Release|Any CPU.ActiveCfg = Release|Any CPU
		{AC9696A3-B0F9-4F71-A689-305739D64CE9}.Release|Any CPU.Build.0 = Release|Any CPU
	EndGlobalSection
	GlobalSection(SolutionProperties) = preSolution
		HideSolutionNode = FALSE
	EndGlobalSection
	GlobalSection(NestedProjects) = preSolution
		{BD66E32C-D209-4058-A1E9-D36D3853533C} = {F1039263-93E9-4EFE-B16B-40814E70968A}
		{AC9696A3-B0F9-4F71-A689-305739D64CE9} = {F1039263-93E9-4EFE-B16B-40814E70968A}
	EndGlobalSection
EndGlobal
